schema: '2.0'
stages:
  get-data:
    cmd: python src/get_data.py --output_folder data
    deps:
    - path: src/get_data.py
      md5: 424587772c83ce63e3202892ad02ae74
      size: 1689
    params:
      params.yaml:
        labels:
        - Comida
        - Hobby
        - Libro
        repo: daavoo/dataset-comida-hobby-libro
        since: 2021/11/15
        state: open
        until: 2021/11/19
    outs:
    - path: data
      md5: 0c99def4d88ec4b79f140b95aa8f3fd4.dir
      size: 12297
      nfiles: 16
  data-metrics:
    cmd: python src/compute_metrics.py --input_folder data --output_metrics_file data.json
    deps:
    - path: data
      md5: 0c99def4d88ec4b79f140b95aa8f3fd4.dir
      size: 12297
      nfiles: 16
    - path: src/compute_metrics.py
      md5: 9671e9a9acd295ae91e2fbafb2623d6e
      size: 538
    outs:
    - path: data.json
      md5: fec53081f214ea871a4a8585d6c7fc6b
      size: 51
